
Microsoft Visual Studio Solution File, Format Version 12.00
# Visual Studio Version 16
VisualStudioVersion = 16.0.33927.289
MinimumVisualStudioVersion = 10.0.40219.1
Project("{2150E333-8FDC-42A3-9474-1A3956D46DE8}") = "Task0", "Task0", "{5019224E-600B-4EA8-AA14-47E0B294AA8C}"
EndProject
Project("{FAE04EC0-301F-11D3-BF4B-00C04F79EFBC}") = "Tyuiu.PozhdinAA.Sprint0.Task0.V0", "Tyuiu.PozhdinAA.Sprint0.Task0.V0\Tyuiu.PozhdinAA.Sprint0.Task0.V0.csproj", "{551C1007-103C-4DC8-86B3-2925912027A0}"
EndProject
Project("{2150E333-8FDC-42A3-9474-1A3956D46DE8}") = "Task1", "Task1", "{5DC95C08-27D2-441C-9DA2-069DFC0A4ED6}"
EndProject
Project("{FAE04EC0-301F-11D3-BF4B-00C04F79EFBC}") = "Tyuiu.PozhdinAA.Sprint0.Task1.V0", "Tyuiu.PozhdinAA.Sprint0.Task1.V0\Tyuiu.PozhdinAA.Sprint0.Task1.V0.csproj", "{9932A9F8-FFA0-4E42-817B-B23C63CA07D9}"
EndProject
Project("{2150E333-8FDC-42A3-9474-1A3956D46DE8}") = "Task2", "Task2", "{CEBBCD77-DB8C-4CE7-A9AA-22F9756DA74D}"
EndProject
Project("{FAE04EC0-301F-11D3-BF4B-00C04F79EFBC}") = "Tyuiu.PozhdinAA.Sprint0.Task2.V0", "Tyuiu.PozhdinAA.Sprint0.Task2.V0\Tyuiu.PozhdinAA.Sprint0.Task2.V0.csproj", "{83E449E0-66C5-491E-87E0-EB88DC57CBCD}"
EndProject
Project("{FAE04EC0-301F-11D3-BF4B-00C04F79EFBC}") = "Tyuiu.PozhdinAA.Sprint0.Task2.V0.Lib", "Tyuiu.PozhdinAA.Sprint0.Task2.V0.Lib\Tyuiu.PozhdinAA.Sprint0.Task2.V0.Lib.csproj", "{2A030C0D-7814-4990-92A5-F9F70671065E}"
EndProject
Project("{FAE04EC0-301F-11D3-BF4B-00C04F79EFBC}") = "Tyuiu.PozhdinAA.Sprint0.Task2.V0.Test", "Tyuiu.PozhdinAA.Sprint0.Task2.V0.Test\Tyuiu.PozhdinAA.Sprint0.Task2.V0.Test.csproj", "{239B9BED-DEBE-4FEF-97EC-C35F5B01321F}"
EndProject
Project("{2150E333-8FDC-42A3-9474-1A3956D46DE8}") = "Task3", "Task3", "{E6B458F1-2E15-4396-A9DF-ECC6965E05DD}"
EndProject
Project("{FAE04EC0-301F-11D3-BF4B-00C04F79EFBC}") = "Tyuiu.PozhdinAA.Sprint0.Task3.V0", "Tyuiu.PozhdinAA.Sprint0.Task3.V0\Tyuiu.PozhdinAA.Sprint0.Task3.V0.csproj", "{8824E03D-C6EA-4488-81EF-728C01C8C87E}"
EndProject
Project("{FAE04EC0-301F-11D3-BF4B-00C04F79EFBC}") = "Tyuiu.PozhdinAA.Sprint0.Task3.V0.Lib", "Tyuiu.PozhdinAA.Sprint0.Task3.V0.Lib\Tyuiu.PozhdinAA.Sprint0.Task3.V0.Lib.csproj", "{6C6C55A9-0132-42A0-92F6-539C29E153B6}"
EndProject
Project("{FAE04EC0-301F-11D3-BF4B-00C04F79EFBC}") = "Tyuiu.PozhdinAA.Sprint0.Task3.V0.Test", "Tyuiu.PozhdinAA.Sprint0.Task3.V0.Test\Tyuiu.PozhdinAA.Sprint0.Task3.V0.Test.csproj", "{F0BF630F-0059-4F47-8009-087497513326}"
EndProject
Project("{2150E333-8FDC-42A3-9474-1A3956D46DE8}") = "Task4", "Task4", "{4AA37C92-C3FD-4C39-AEA0-7A085D75F7DC}"
EndProject
Project("{FAE04EC0-301F-11D3-BF4B-00C04F79EFBC}") = "Tyuiu.PozhdinAA.Sprint0.Task4.V0", "Tyuiu.PozhdinAA.Sprint0.Task4.V0\Tyuiu.PozhdinAA.Sprint0.Task4.V0.csproj", "{08717AA1-149C-4FD5-864F-5072A645306D}"
EndProject
Project("{FAE04EC0-301F-11D3-BF4B-00C04F79EFBC}") = "Tyuiu.PozhdinAA.Sprint0.Task4.V0.Test", "Tyuiu.PozhdinAA.Sprint0.Task4.V0.Test\Tyuiu.PozhdinAA.Sprint0.Task4.V0.Test.csproj", "{5F8844C5-0F9F-4150-BA0D-4C8416AC36DB}"
EndProject
Project("{FAE04EC0-301F-11D3-BF4B-00C04F79EFBC}") = "Tyuiu.PozhdinAA.Sprint0.Task4.V0.Lib", "Tyuiu.PozhdinAA.Sprint0.Task4.V0.Lib\Tyuiu.PozhdinAA.Sprint0.Task4.V0.Lib.csproj", "{83842044-DDD4-4CD9-85F5-FCBB7873F095}"
EndProject
Global
	GlobalSection(SolutionConfigurationPlatforms) = preSolution
		Debug|Any CPU = Debug|Any CPU
		Release|Any CPU = Release|Any CPU
	EndGlobalSection
	GlobalSection(ProjectConfigurationPlatforms) = postSolution
		{551C1007-103C-4DC8-86B3-2925912027A0}.Debug|Any CPU.ActiveCfg = Debug|Any CPU
		{551C1007-103C-4DC8-86B3-2925912027A0}.Debug|Any CPU.Build.0 = Debug|Any CPU
		{551C1007-103C-4DC8-86B3-2925912027A0}.Release|Any CPU.ActiveCfg = Release|Any CPU
		{551C1007-103C-4DC8-86B3-2925912027A0}.Release|Any CPU.Build.0 = Release|Any CPU
		{9932A9F8-FFA0-4E42-817B-B23C63CA07D9}.Debug|Any CPU.ActiveCfg = Debug|Any CPU
		{9932A9F8-FFA0-4E42-817B-B23C63CA07D9}.Debug|Any CPU.Build.0 = Debug|Any CPU
		{9932A9F8-FFA0-4E42-817B-B23C63CA07D9}.Release|Any CPU.ActiveCfg = Release|Any CPU
		{9932A9F8-FFA0-4E42-817B-B23C63CA07D9}.Release|Any CPU.Build.0 = Release|Any CPU
		{83E449E0-66C5-491E-87E0-EB88DC57CBCD}.Debug|Any CPU.ActiveCfg = Debug|Any CPU
		{83E449E0-66C5-491E-87E0-EB88DC57CBCD}.Debug|Any CPU.Build.0 = Debug|Any CPU
		{83E449E0-66C5-491E-87E0-EB88DC57CBCD}.Release|Any CPU.ActiveCfg = Release|Any CPU
		{83E449E0-66C5-491E-87E0-EB88DC57CBCD}.Release|Any CPU.Build.0 = Release|Any CPU
		{2A030C0D-7814-4990-92A5-F9F70671065E}.Debug|Any CPU.ActiveCfg = Debug|Any CPU
		{2A030C0D-7814-4990-92A5-F9F70671065E}.Debug|Any CPU.Build.0 = Debug|Any CPU
		{2A030C0D-7814-4990-92A5-F9F70671065E}.Release|Any CPU.ActiveCfg = Release|Any CPU
		{2A030C0D-7814-4990-92A5-F9F70671065E}.Release|Any CPU.Build.0 = Release|Any CPU
		{239B9BED-DEBE-4FEF-97EC-C35F5B01321F}.Debug|Any CPU.ActiveCfg = Debug|Any CPU
		{239B9BED-DEBE-4FEF-97EC-C35F5B01321F}.Debug|Any CPU.Build.0 = Debug|Any CPU
		{239B9BED-DEBE-4FEF-97EC-C35F5B01321F}.Release|Any CPU.ActiveCfg = Release|Any CPU
		{239B9BED-DEBE-4FEF-97EC-C35F5B01321F}.Release|Any CPU.Build.0 = Release|Any CPU
		{8824E03D-C6EA-4488-81EF-728C01C8C87E}.Debug|Any CPU.ActiveCfg = Debug|Any CPU
		{8824E03D-C6EA-4488-81EF-728C01C8C87E}.Debug|Any CPU.Build.0 = Debug|Any CPU
		{8824E03D-C6EA-4488-81EF-728C01C8C87E}.Release|Any CPU.ActiveCfg = Release|Any CPU
		{8824E03D-C6EA-4488-81EF-728C01C8C87E}.Release|Any CPU.Build.0 = Release|Any CPU
		{6C6C55A9-0132-42A0-92F6-539C29E153B6}.Debug|Any CPU.ActiveCfg = Debug|Any CPU
		{6C6C55A9-0132-42A0-92F6-539C29E153B6}.Debug|Any CPU.Build.0 = Debug|Any CPU
		{6C6C55A9-0132-42A0-92F6-539C29E153B6}.Release|Any CPU.ActiveCfg = Release|Any CPU
		{6C6C55A9-0132-42A0-92F6-539C29E153B6}.Release|Any CPU.Build.0 = Release|Any CPU
		{F0BF630F-0059-4F47-8009-087497513326}.Debug|Any CPU.ActiveCfg = Debug|Any CPU
		{F0BF630F-0059-4F47-8009-087497513326}.Debug|Any CPU.Build.0 = Debug|Any CPU
		{F0BF630F-0059-4F47-8009-087497513326}.Release|Any CPU.ActiveCfg = Release|Any CPU
		{F0BF630F-0059-4F47-8009-087497513326}.Release|Any CPU.Build.0 = Release|Any CPU
		{08717AA1-149C-4FD5-864F-5072A645306D}.Debug|Any CPU.ActiveCfg = Debug|Any CPU
		{08717AA1-149C-4FD5-864F-5072A645306D}.Debug|Any CPU.Build.0 = Debug|Any CPU
		{08717AA1-149C-4FD5-864F-5072A645306D}.Release|Any CPU.ActiveCfg = Release|Any CPU
		{08717AA1-149C-4FD5-864F-5072A645306D}.Release|Any CPU.Build.0 = Release|Any CPU
		{5F8844C5-0F9F-4150-BA0D-4C8416AC36DB}.Debug|Any CPU.ActiveCfg = Debug|Any CPU
		{5F8844C5-0F9F-4150-BA0D-4C8416AC36DB}.Debug|Any CPU.Build.0 = Debug|Any CPU
		{5F8844C5-0F9F-4150-BA0D-4C8416AC36DB}.Release|Any CPU.ActiveCfg = Release|Any CPU
		{5F8844C5-0F9F-4150-BA0D-4C8416AC36DB}.Release|Any CPU.Build.0 = Release|Any CPU
		{83842044-DDD4-4CD9-85F5-FCBB7873F095}.Debug|Any CPU.ActiveCfg = Debug|Any CPU
		{83842044-DDD4-4CD9-85F5-FCBB7873F095}.Debug|Any CPU.Build.0 = Debug|Any CPU
		{83842044-DDD4-4CD9-85F5-FCBB7873F095}.Release|Any CPU.ActiveCfg = Release|Any CPU
		{83842044-DDD4-4CD9-85F5-FCBB7873F095}.Release|Any CPU.Build.0 = Release|Any CPU
	EndGlobalSection
	GlobalSection(SolutionProperties) = preSolution
		HideSolutionNode = FALSE
	EndGlobalSection
	GlobalSection(NestedProjects) = preSolution
		{551C1007-103C-4DC8-86B3-2925912027A0} = {5019224E-600B-4EA8-AA14-47E0B294AA8C}
		{9932A9F8-FFA0-4E42-817B-B23C63CA07D9} = {5DC95C08-27D2-441C-9DA2-069DFC0A4ED6}
		{83E449E0-66C5-491E-87E0-EB88DC57CBCD} = {CEBBCD77-DB8C-4CE7-A9AA-22F9756DA74D}
		{2A030C0D-7814-4990-92A5-F9F70671065E} = {CEBBCD77-DB8C-4CE7-A9AA-22F9756DA74D}
		{239B9BED-DEBE-4FEF-97EC-C35F5B01321F} = {CEBBCD77-DB8C-4CE7-A9AA-22F9756DA74D}
		{8824E03D-C6EA-4488-81EF-728C01C8C87E} = {E6B458F1-2E15-4396-A9DF-ECC6965E05DD}
		{6C6C55A9-0132-42A0-92F6-539C29E153B6} = {E6B458F1-2E15-4396-A9DF-ECC6965E05DD}
		{F0BF630F-0059-4F47-8009-087497513326} = {E6B458F1-2E15-4396-A9DF-ECC6965E05DD}
		{08717AA1-149C-4FD5-864F-5072A645306D} = {4AA37C92-C3FD-4C39-AEA0-7A085D75F7DC}
		{5F8844C5-0F9F-4150-BA0D-4C8416AC36DB} = {4AA37C92-C3FD-4C39-AEA0-7A085D75F7DC}
		{83842044-DDD4-4CD9-85F5-FCBB7873F095} = {4AA37C92-C3FD-4C39-AEA0-7A085D75F7DC}
	EndGlobalSection
	GlobalSection(ExtensibilityGlobals) = postSolution
		SolutionGuid = {D20B575F-4592-42FB-BAB5-71DF54C849DA}
	EndGlobalSection
EndGlobal
