
Microsoft Visual Studio Solution File, Format Version 12.00
# Visual Studio Version 16
VisualStudioVersion = 16.0.33927.289
MinimumVisualStudioVersion = 10.0.40219.1
Project("{2150E333-8FDC-42A3-9474-1A3956D46DE8}") = "Task0", "Task0", "{5019224E-600B-4EA8-AA14-47E0B294AA8C}"
EndProject
Project("{FAE04EC0-301F-11D3-BF4B-00C04F79EFBC}") = "Tyuiu.PozhdinAA.Sprint0.Task0.V0", "Tyuiu.PozhdinAA.Sprint0.Task0.V0\Tyuiu.PozhdinAA.Sprint0.Task0.V0.csproj", "{551C1007-103C-4DC8-86B3-2925912027A0}"
EndProject
Global
	GlobalSection(SolutionConfigurationPlatforms) = preSolution
		Debug|Any CPU = Debug|Any CPU
		Release|Any CPU = Release|Any CPU
	EndGlobalSection
	GlobalSection(ProjectConfigurationPlatforms) = postSolution
		{551C1007-103C-4DC8-86B3-2925912027A0}.Debug|Any CPU.ActiveCfg = Debug|Any CPU
		{551C1007-103C-4DC8-86B3-2925912027A0}.Debug|Any CPU.Build.0 = Debug|Any CPU
		{551C1007-103C-4DC8-86B3-2925912027A0}.Release|Any CPU.ActiveCfg = Release|Any CPU
		{551C1007-103C-4DC8-86B3-2925912027A0}.Release|Any CPU.Build.0 = Release|Any CPU
	EndGlobalSection
	GlobalSection(SolutionProperties) = preSolution
		HideSolutionNode = FALSE
	EndGlobalSection
	GlobalSection(NestedProjects) = preSolution
		{551C1007-103C-4DC8-86B3-2925912027A0} = {5019224E-600B-4EA8-AA14-47E0B294AA8C}
	EndGlobalSection
	GlobalSection(ExtensibilityGlobals) = postSolution
		SolutionGuid = {D20B575F-4592-42FB-BAB5-71DF54C849DA}
	EndGlobalSection
EndGlobal
